
Microsoft Visual Studio Solution File, Format Version 12.00
# Visual Studio Version 17
VisualStudioVersion = 17.14.36327.8 d17.14
MinimumVisualStudioVersion = 10.0.40219.1
Project("{FAE04EC0-301F-11D3-BF4B-00C04F79EFBC}") = "PageObjectModelPW", "PageObjectModelPW.csproj", "{A832A924-484F-40F2-9F0B-19136AAA91EE}"
EndProject
Global
	GlobalSection(SolutionConfigurationPlatforms) = preSolution
		Debug|Any CPU = Debug|Any CPU
		Release|Any CPU = Release|Any CPU
	EndGlobalSection
	GlobalSection(ProjectConfigurationPlatforms) = postSolution
		{A832A924-484F-40F2-9F0B-19136AAA91EE}.Debug|Any CPU.ActiveCfg = Debug|Any CPU
		{A832A924-484F-40F2-9F0B-19136AAA91EE}.Debug|Any CPU.Build.0 = Debug|Any CPU
		{A832A924-484F-40F2-9F0B-19136AAA91EE}.Release|Any CPU.ActiveCfg = Release|Any CPU
		{A832A924-484F-40F2-9F0B-19136AAA91EE}.Release|Any CPU.Build.0 = Release|Any CPU
	EndGlobalSection
	GlobalSection(SolutionProperties) = preSolution
		HideSolutionNode = FALSE
	EndGlobalSection
	GlobalSection(ExtensibilityGlobals) = postSolution
		SolutionGuid = {195B2A54-72E4-422B-90B5-4BECBB82BC41}
	EndGlobalSection
EndGlobal
